// !$*UTF8*$!
{
	archiveVersion = 1;
	classes = {
	};
	objectVersion = 46;
	objects = {

/* Begin PBXBuildFile section */
		B060E0E91F1CB2DE00F841B6 /* Main.storyboard in Resources */ = {isa = PBXBuildFile; fileRef = B060E0E71F1CB2DE00F841B6 /* Main.storyboard */; };
		B060E0EB1F1CB2DE00F841B6 /* Assets.xcassets in Resources */ = {isa = PBXBuildFile; fileRef = B060E0EA1F1CB2DE00F841B6 /* Assets.xcassets */; };
		B060E1041F1CBB2300F841B6 /* UIKit.framework in Frameworks */ = {isa = PBXBuildFile; fileRef = B060E1031F1CBB2300F841B6 /* UIKit.framework */; };
		B060E10E1F1CD17200F841B6 /* AppDelegate.m in Sources */ = {isa = PBXBuildFile; fileRef = B060E10D1F1CD17200F841B6 /* AppDelegate.m */; };
		B060E1111F1CD17800F841B6 /* TVCell.m in Sources */ = {isa = PBXBuildFile; fileRef = B060E1101F1CD17800F841B6 /* TVCell.m */; };
		B060E1171F1CD18200F841B6 /* main.m in Sources */ = {isa = PBXBuildFile; fileRef = B060E1151F1CD18200F841B6 /* main.m */; };
		B060E11F1F1CD1B600F841B6 /* TodoTVController.m in Sources */ = {isa = PBXBuildFile; fileRef = B060E11D1F1CD1B600F841B6 /* TodoTVController.m */; };
		B060E1211F1CD92800F841B6 /* Info.plist in Resources */ = {isa = PBXBuildFile; fileRef = B060E1201F1CD92800F841B6 /* Info.plist */; };
		B060E1301F1CE5B500F841B6 /* data.json in Resources */ = {isa = PBXBuildFile; fileRef = B060E12F1F1CE5B500F841B6 /* data.json */; };
		D84E14291F1EB30E00252829 /* 200.jpeg in Resources */ = {isa = PBXBuildFile; fileRef = D84E14281F1EB30E00252829 /* 200.jpeg */; };
/* End PBXBuildFile section */

/* Begin PBXFileReference section */
		B060E0DB1F1CB2DE00F841B6 /* iOS Interview.app */ = {isa = PBXFileReference; explicitFileType = wrapper.application; includeInIndex = 0; path = "iOS Interview.app"; sourceTree = BUILT_PRODUCTS_DIR; };
		B060E0E81F1CB2DE00F841B6 /* Base */ = {isa = PBXFileReference; lastKnownFileType = file.storyboard; name = Base; path = Base.lproj/Main.storyboard; sourceTree = "<group>"; };
		B060E0EA1F1CB2DE00F841B6 /* Assets.xcassets */ = {isa = PBXFileReference; lastKnownFileType = folder.assetcatalog; path = Assets.xcassets; sourceTree = "<group>"; };
		B060E1031F1CBB2300F841B6 /* UIKit.framework */ = {isa = PBXFileReference; lastKnownFileType = wrapper.framework; name = UIKit.framework; path = System/Library/Frameworks/UIKit.framework; sourceTree = SDKROOT; };
		B060E10C1F1CD17200F841B6 /* AppDelegate.h */ = {isa = PBXFileReference; fileEncoding = 4; lastKnownFileType = sourcecode.c.h; name = AppDelegate.h; path = Sources/AppDelegate.h; sourceTree = "<group>"; };
		B060E10D1F1CD17200F841B6 /* AppDelegate.m */ = {isa = PBXFileReference; fileEncoding = 4; lastKnownFileType = sourcecode.c.objc; name = AppDelegate.m; path = Sources/AppDelegate.m; sourceTree = "<group>"; };
		B060E10F1F1CD17800F841B6 /* TVCell.h */ = {isa = PBXFileReference; fileEncoding = 4; lastKnownFileType = sourcecode.c.h; name = TVCell.h; path = Sources/CustomCells/TVCell.h; sourceTree = "<group>"; };
		B060E1101F1CD17800F841B6 /* TVCell.m */ = {isa = PBXFileReference; fileEncoding = 4; lastKnownFileType = sourcecode.c.objc; name = TVCell.m; path = Sources/CustomCells/TVCell.m; sourceTree = "<group>"; };
		B060E1121F1CD17F00F841B6 /* DefColors.h */ = {isa = PBXFileReference; lastKnownFileType = sourcecode.c.h; name = DefColors.h; path = Sources/Definitions/DefColors.h; sourceTree = "<group>"; };
		B060E1141F1CD18200F841B6 /* Main-Prefix.pch */ = {isa = PBXFileReference; fileEncoding = 4; lastKnownFileType = sourcecode.c.h; name = "Main-Prefix.pch"; path = "Sources/Main-Prefix.pch"; sourceTree = "<group>"; };
		B060E1151F1CD18200F841B6 /* main.m */ = {isa = PBXFileReference; fileEncoding = 4; lastKnownFileType = sourcecode.c.objc; name = main.m; path = Sources/main.m; sourceTree = "<group>"; };
		B060E11C1F1CD1B600F841B6 /* TodoTVController.h */ = {isa = PBXFileReference; fileEncoding = 4; lastKnownFileType = sourcecode.c.h; name = TodoTVController.h; path = Controller/TodoTVController.h; sourceTree = "<group>"; };
		B060E11D1F1CD1B600F841B6 /* TodoTVController.m */ = {isa = PBXFileReference; fileEncoding = 4; lastKnownFileType = sourcecode.c.objc; name = TodoTVController.m; path = Controller/TodoTVController.m; sourceTree = "<group>"; };
		B060E1201F1CD92800F841B6 /* Info.plist */ = {isa = PBXFileReference; fileEncoding = 4; lastKnownFileType = text.plist.xml; name = Info.plist; path = Sources/Info.plist; sourceTree = "<group>"; };
		B060E12F1F1CE5B500F841B6 /* data.json */ = {isa = PBXFileReference; fileEncoding = 4; lastKnownFileType = text.json; name = data.json; path = Documents/data.json; sourceTree = "<group>"; };
		D84E14281F1EB30E00252829 /* 200.jpeg */ = {isa = PBXFileReference; lastKnownFileType = image.jpeg; name = 200.jpeg; path = ../../../Downloads/200.jpeg; sourceTree = "<group>"; };
/* End PBXFileReference section */

/* Begin PBXFrameworksBuildPhase section */
		B060E0D81F1CB2DE00F841B6 /* Frameworks */ = {
			isa = PBXFrameworksBuildPhase;
			buildActionMask = 2147483647;
			files = (
				B060E1041F1CBB2300F841B6 /* UIKit.framework in Frameworks */,
			);
			runOnlyForDeploymentPostprocessing = 0;
		};
/* End PBXFrameworksBuildPhase section */

/* Begin PBXGroup section */
		B060E0D21F1CB2DE00F841B6 = {
			isa = PBXGroup;
			children = (
				B060E0DD1F1CB2DE00F841B6 /* iOS Interview */,
				B060E0DC1F1CB2DE00F841B6 /* Products */,
				B060E1021F1CBB2300F841B6 /* Frameworks */,
			);
			sourceTree = "<group>";
		};
		B060E0DC1F1CB2DE00F841B6 /* Products */ = {
			isa = PBXGroup;
			children = (
				B060E0DB1F1CB2DE00F841B6 /* iOS Interview.app */,
			);
			name = Products;
			sourceTree = "<group>";
		};
		B060E0DD1F1CB2DE00F841B6 /* iOS Interview */ = {
			isa = PBXGroup;
			children = (
				B060E0FB1F1CBA6900F841B6 /* Controller */,
				B060E12C1F1CE59600F841B6 /* Documents */,
				B060E0FF1F1CBAA700F841B6 /* Sources */,
				B060E1011F1CBAD100F841B6 /* Storyboards */,
				B060E1001F1CBAC300F841B6 /* ThirdParty */,
				B060E0EA1F1CB2DE00F841B6 /* Assets.xcassets */,
			);
			path = "iOS Interview";
			sourceTree = "<group>";
		};
		B060E0FB1F1CBA6900F841B6 /* Controller */ = {
			isa = PBXGroup;
			children = (
				B060E11C1F1CD1B600F841B6 /* TodoTVController.h */,
				B060E11D1F1CD1B600F841B6 /* TodoTVController.m */,
			);
			name = Controller;
			sourceTree = "<group>";
		};
		B060E0FF1F1CBAA700F841B6 /* Sources */ = {
			isa = PBXGroup;
			children = (
				B060E1201F1CD92800F841B6 /* Info.plist */,
				B060E1141F1CD18200F841B6 /* Main-Prefix.pch */,
				B060E1151F1CD18200F841B6 /* main.m */,
				B060E10C1F1CD17200F841B6 /* AppDelegate.h */,
				B060E10D1F1CD17200F841B6 /* AppDelegate.m */,
				B060E1081F1CCE4E00F841B6 /* CustomCells */,
				B060E1051F1CCC3000F841B6 /* Definitions */,
			);
			name = Sources;
			sourceTree = "<group>";
		};
		B060E1001F1CBAC300F841B6 /* ThirdParty */ = {
			isa = PBXGroup;
			children = (
			);
			name = ThirdParty;
			sourceTree = "<group>";
		};
		B060E1011F1CBAD100F841B6 /* Storyboards */ = {
			isa = PBXGroup;
			children = (
				B060E0E71F1CB2DE00F841B6 /* Main.storyboard */,
			);
			name = Storyboards;
			sourceTree = "<group>";
		};
		B060E1021F1CBB2300F841B6 /* Frameworks */ = {
			isa = PBXGroup;
			children = (
				B060E1031F1CBB2300F841B6 /* UIKit.framework */,
			);
			name = Frameworks;
			sourceTree = "<group>";
		};
		B060E1051F1CCC3000F841B6 /* Definitions */ = {
			isa = PBXGroup;
			children = (
				B060E1121F1CD17F00F841B6 /* DefColors.h */,
			);
			name = Definitions;
			sourceTree = "<group>";
		};
		B060E1081F1CCE4E00F841B6 /* CustomCells */ = {
			isa = PBXGroup;
			children = (
				B060E10F1F1CD17800F841B6 /* TVCell.h */,
				B060E1101F1CD17800F841B6 /* TVCell.m */,
			);
			name = CustomCells;
			sourceTree = "<group>";
		};
		B060E12C1F1CE59600F841B6 /* Documents */ = {
			isa = PBXGroup;
			children = (
				B060E12F1F1CE5B500F841B6 /* data.json */,
				D84E14281F1EB30E00252829 /* 200.jpeg */,
			);
			name = Documents;
			sourceTree = "<group>";
		};
/* End PBXGroup section */

/* Begin PBXNativeTarget section */
		B060E0DA1F1CB2DE00F841B6 /* iOS Interview */ = {
			isa = PBXNativeTarget;
			buildConfigurationList = B060E0F21F1CB2DE00F841B6 /* Build configuration list for PBXNativeTarget "iOS Interview" */;
			buildPhases = (
				B060E0D71F1CB2DE00F841B6 /* Sources */,
				B060E0D81F1CB2DE00F841B6 /* Frameworks */,
				B060E0D91F1CB2DE00F841B6 /* Resources */,
			);
			buildRules = (
			);
			dependencies = (
			);
			name = "iOS Interview";
			productName = "iOS Interview";
			productReference = B060E0DB1F1CB2DE00F841B6 /* iOS Interview.app */;
			productType = "com.apple.product-type.application";
		};
/* End PBXNativeTarget section */

/* Begin PBXProject section */
		B060E0D31F1CB2DE00F841B6 /* Project object */ = {
			isa = PBXProject;
			attributes = {
				LastUpgradeCheck = 0820;
				ORGANIZATIONNAME = w.e.b.;
				TargetAttributes = {
					B060E0DA1F1CB2DE00F841B6 = {
						CreatedOnToolsVersion = 8.2.1;
						ProvisioningStyle = Automatic;
					};
				};
			};
			buildConfigurationList = B060E0D61F1CB2DE00F841B6 /* Build configuration list for PBXProject "iOS Interview" */;
			compatibilityVersion = "Xcode 3.2";
			developmentRegion = English;
			hasScannedForEncodings = 0;
			knownRegions = (
				en,
				Base,
			);
			mainGroup = B060E0D21F1CB2DE00F841B6;
			productRefGroup = B060E0DC1F1CB2DE00F841B6 /* Products */;
			projectDirPath = "";
			projectRoot = "";
			targets = (
				B060E0DA1F1CB2DE00F841B6 /* iOS Interview */,
			);
		};
/* End PBXProject section */

/* Begin PBXResourcesBuildPhase section */
		B060E0D91F1CB2DE00F841B6 /* Resources */ = {
			isa = PBXResourcesBuildPhase;
			buildActionMask = 2147483647;
			files = (
				B060E1211F1CD92800F841B6 /* Info.plist in Resources */,
				D84E14291F1EB30E00252829 /* 200.jpeg in Resources */,
				B060E0EB1F1CB2DE00F841B6 /* Assets.xcassets in Resources */,
				B060E0E91F1CB2DE00F841B6 /* Main.storyboard in Resources */,
				B060E1301F1CE5B500F841B6 /* data.json in Resources */,
			);
			runOnlyForDeploymentPostprocessing = 0;
		};
/* End PBXResourcesBuildPhase section */

/* Begin PBXSourcesBuildPhase section */
		B060E0D71F1CB2DE00F841B6 /* Sources */ = {
			isa = PBXSourcesBuildPhase;
			buildActionMask = 2147483647;
			files = (
				B060E1171F1CD18200F841B6 /* main.m in Sources */,
				B060E10E1F1CD17200F841B6 /* AppDelegate.m in Sources */,
				B060E1111F1CD17800F841B6 /* TVCell.m in Sources */,
				B060E11F1F1CD1B600F841B6 /* TodoTVController.m in Sources */,
			);
			runOnlyForDeploymentPostprocessing = 0;
		};
/* End PBXSourcesBuildPhase section */

/* Begin PBXVariantGroup section */
		B060E0E71F1CB2DE00F841B6 /* Main.storyboard */ = {
			isa = PBXVariantGroup;
			children = (
				B060E0E81F1CB2DE00F841B6 /* Base */,
			);
			name = Main.storyboard;
			sourceTree = "<group>";
		};
/* End PBXVariantGroup section */

/* Begin XCBuildConfiguration section */
		B060E0F01F1CB2DE00F841B6 /* Debug */ = {
			isa = XCBuildConfiguration;
			buildSettings = {
				ALWAYS_SEARCH_USER_PATHS = NO;
				CLANG_ANALYZER_NONNULL = YES;
				CLANG_CXX_LANGUAGE_STANDARD = "gnu++0x";
				CLANG_CXX_LIBRARY = "libc++";
				CLANG_ENABLE_MODULES = YES;
				CLANG_ENABLE_OBJC_ARC = YES;
				CLANG_WARN_BOOL_CONVERSION = YES;
				CLANG_WARN_CONSTANT_CONVERSION = YES;
				CLANG_WARN_DIRECT_OBJC_ISA_USAGE = YES_ERROR;
				CLANG_WARN_DOCUMENTATION_COMMENTS = YES;
				CLANG_WARN_EMPTY_BODY = YES;
				CLANG_WARN_ENUM_CONVERSION = YES;
				CLANG_WARN_INFINITE_RECURSION = YES;
				CLANG_WARN_INT_CONVERSION = YES;
				CLANG_WARN_OBJC_ROOT_CLASS = YES_ERROR;
				CLANG_WARN_SUSPICIOUS_MOVE = YES;
				CLANG_WARN_UNREACHABLE_CODE = YES;
				CLANG_WARN__DUPLICATE_METHOD_MATCH = YES;
				"CODE_SIGN_IDENTITY[sdk=iphoneos*]" = "iPhone Developer";
				COPY_PHASE_STRIP = NO;
				DEBUG_INFORMATION_FORMAT = dwarf;
				ENABLE_STRICT_OBJC_MSGSEND = YES;
				ENABLE_TESTABILITY = YES;
				GCC_C_LANGUAGE_STANDARD = gnu99;
				GCC_DYNAMIC_NO_PIC = NO;
				GCC_NO_COMMON_BLOCKS = YES;
				GCC_OPTIMIZATION_LEVEL = 0;
				GCC_PREPROCESSOR_DEFINITIONS = (
					"DEBUG=1",
					"$(inherited)",
				);
				GCC_WARN_64_TO_32_BIT_CONVERSION = YES;
				GCC_WARN_ABOUT_RETURN_TYPE = YES_ERROR;
				GCC_WARN_UNDECLARED_SELECTOR = YES;
				GCC_WARN_UNINITIALIZED_AUTOS = YES_AGGRESSIVE;
				GCC_WARN_UNUSED_FUNCTION = YES;
				GCC_WARN_UNUSED_VARIABLE = YES;
				IPHONEOS_DEPLOYMENT_TARGET = 10.2;
				MTL_ENABLE_DEBUG_INFO = YES;
				ONLY_ACTIVE_ARCH = YES;
				SDKROOT = iphoneos;
				TARGETED_DEVICE_FAMILY = "1,2";
			};
			name = Debug;
		};
		B060E0F11F1CB2DE00F841B6 /* Release */ = {
			isa = XCBuildConfiguration;
			buildSettings = {
				ALWAYS_SEARCH_USER_PATHS = NO;
				CLANG_ANALYZER_NONNULL = YES;
				CLANG_CXX_LANGUAGE_STANDARD = "gnu++0x";
				CLANG_CXX_LIBRARY = "libc++";
				CLANG_ENABLE_MODULES = YES;
				CLANG_ENABLE_OBJC_ARC = YES;
				CLANG_WARN_BOOL_CONVERSION = YES;
				CLANG_WARN_CONSTANT_CONVERSION = YES;
				CLANG_WARN_DIRECT_OBJC_ISA_USAGE = YES_ERROR;
				CLANG_WARN_DOCUMENTATION_COMMENTS = YES;
				CLANG_WARN_EMPTY_BODY = YES;
				CLANG_WARN_ENUM_CONVERSION = YES;
				CLANG_WARN_INFINITE_RECURSION = YES;
				CLANG_WARN_INT_CONVERSION = YES;
				CLANG_WARN_OBJC_ROOT_CLASS = YES_ERROR;
				CLANG_WARN_SUSPICIOUS_MOVE = YES;
				CLANG_WARN_UNREACHABLE_CODE = YES;
				CLANG_WARN__DUPLICATE_METHOD_MATCH = YES;
				"CODE_SIGN_IDENTITY[sdk=iphoneos*]" = "iPhone Developer";
				COPY_PHASE_STRIP = NO;
				DEBUG_INFORMATION_FORMAT = "dwarf-with-dsym";
				ENABLE_NS_ASSERTIONS = NO;
				ENABLE_STRICT_OBJC_MSGSEND = YES;
				GCC_C_LANGUAGE_STANDARD = gnu99;
				GCC_NO_COMMON_BLOCKS = YES;
				GCC_WARN_64_TO_32_BIT_CONVERSION = YES;
				GCC_WARN_ABOUT_RETURN_TYPE = YES_ERROR;
				GCC_WARN_UNDECLARED_SELECTOR = YES;
				GCC_WARN_UNINITIALIZED_AUTOS = YES_AGGRESSIVE;
				GCC_WARN_UNUSED_FUNCTION = YES;
				GCC_WARN_UNUSED_VARIABLE = YES;
				IPHONEOS_DEPLOYMENT_TARGET = 10.2;
				MTL_ENABLE_DEBUG_INFO = NO;
				SDKROOT = iphoneos;
				TARGETED_DEVICE_FAMILY = "1,2";
				VALIDATE_PRODUCT = YES;
			};
			name = Release;
		};
		B060E0F31F1CB2DE00F841B6 /* Debug */ = {
			isa = XCBuildConfiguration;
			buildSettings = {
				ASSETCATALOG_COMPILER_APPICON_NAME = AppIcon;
				GCC_PREFIX_HEADER = "$(SRCROOT)/$(PRODUCT_NAME)/Sources/Main-Prefix.pch";
				INFOPLIST_FILE = "$(SRCROOT)/$(PRODUCT_NAME)/Sources/Info.plist";
				LD_RUNPATH_SEARCH_PATHS = "$(inherited) @executable_path/Frameworks";
				PRODUCT_BUNDLE_IDENTIFIER = "web.iOS-Interview";
				PRODUCT_NAME = "$(TARGET_NAME)";
			};
			name = Debug;
		};
		B060E0F41F1CB2DE00F841B6 /* Release */ = {
			isa = XCBuildConfiguration;
			buildSettings = {
				ASSETCATALOG_COMPILER_APPICON_NAME = AppIcon;
				GCC_PREFIX_HEADER = "$(SRCROOT)/$(PRODUCT_NAME)/Sources/Main-Prefix.pch";
				INFOPLIST_FILE = "$(SRCROOT)/$(PRODUCT_NAME)/Sources/Info.plist";
				LD_RUNPATH_SEARCH_PATHS = "$(inherited) @executable_path/Frameworks";
				PRODUCT_BUNDLE_IDENTIFIER = "web.iOS-Interview";
				PRODUCT_NAME = "$(TARGET_NAME)";
			};
			name = Release;
		};
/* End XCBuildConfiguration section */

/* Begin XCConfigurationList section */
		B060E0D61F1CB2DE00F841B6 /* Build configuration list for PBXProject "iOS Interview" */ = {
			isa = XCConfigurationList;
			buildConfigurations = (
				B060E0F01F1CB2DE00F841B6 /* Debug */,
				B060E0F11F1CB2DE00F841B6 /* Release */,
			);
			defaultConfigurationIsVisible = 0;
			defaultConfigurationName = Release;
		};
		B060E0F21F1CB2DE00F841B6 /* Build configuration list for PBXNativeTarget "iOS Interview" */ = {
			isa = XCConfigurationList;
			buildConfigurations = (
				B060E0F31F1CB2DE00F841B6 /* Debug */,
				B060E0F41F1CB2DE00F841B6 /* Release */,
			);
			defaultConfigurationIsVisible = 0;
			defaultConfigurationName = Release;
		};
/* End XCConfigurationList section */
	};
	rootObject = B060E0D31F1CB2DE00F841B6 /* Project object */;
}
